{
  "name": "@hpcpack/rest-api-angular-client",
  "version": "5.3.0",
  "lockfileVersion": 1,
  "requires": true,
  "dependencies": {
    "@angular/common": {
      "version": "8.2.3",
      "resolved": "https://registry.npmjs.org/@angular/common/-/common-8.2.3.tgz",
      "integrity": "sha512-Y8ttd66bAApnJgxjndVnBP0aMsID8AzttR2TKp1KpdDKy4n6td22+1DeHZJqPMOBwoTDEdjHZqFQ7XRNYe3IVw==",
      "requires": {
        "tslib": "^1.9.0"
      }
    },
    "@angular/core": {
      "version": "8.2.3",
      "resolved": "https://registry.npmjs.org/@angular/core/-/core-8.2.3.tgz",
      "integrity": "sha512-wNlq6r0RI8q0BCr3I16NHfteliJLVjZN3MsLfzYi4u08LcGTemGL9YwcVjCOPEH4xREo3xX0ebvmuLwObu75lQ==",
      "requires": {
        "tslib": "^1.9.0"
      }
    },
    "rxjs": {
      "version": "6.5.2",
      "resolved": "https://registry.npmjs.org/rxjs/-/rxjs-6.5.2.tgz",
      "integrity": "sha512-HUb7j3kvb7p7eCUHE3FqjoDsC1xfZQ4AHFWfTKSpZ+sAhhz5X1WX0ZuUqWbzB2QhSLp3DoLUG+hMdEDKqWo2Zg==",
      "requires": {
        "tslib": "^1.9.0"
      }
    },
    "tslib": {
      "version": "1.10.0",
      "resolved": "https://registry.npmjs.org/tslib/-/tslib-1.10.0.tgz",
      "integrity": "sha512-qOebF53frne81cf0S9B41ByenJ3/IuH8yJKngAX35CmiZySA0khhkovshKK+jGCaMnVomla7gVlIcc3EvKPbTQ=="
    }
  }
}
